// !$*UTF8*$!
{
	archiveVersion = 1;
	classes = {
	};
	objectVersion = 50;
	objects = {

/* Begin PBXBuildFile section */
		EE2B1382263489D800CF55E4 /* AppDelegate.swift in Sources */ = {isa = PBXBuildFile; fileRef = EE2B1381263489D800CF55E4 /* AppDelegate.swift */; };
		EE2B1384263489D800CF55E4 /* SceneDelegate.swift in Sources */ = {isa = PBXBuildFile; fileRef = EE2B1383263489D800CF55E4 /* SceneDelegate.swift */; };
		EE2B1389263489D800CF55E4 /* Main.storyboard in Resources */ = {isa = PBXBuildFile; fileRef = EE2B1387263489D800CF55E4 /* Main.storyboard */; };
		EE2B138B263489D900CF55E4 /* Assets.xcassets in Resources */ = {isa = PBXBuildFile; fileRef = EE2B138A263489D900CF55E4 /* Assets.xcassets */; };
		EE2B138E263489D900CF55E4 /* LaunchScreen.storyboard in Resources */ = {isa = PBXBuildFile; fileRef = EE2B138C263489D900CF55E4 /* LaunchScreen.storyboard */; };
		EE2B13B826348F4D00CF55E4 /* Observable.swift in Sources */ = {isa = PBXBuildFile; fileRef = EE2B13B726348F4D00CF55E4 /* Observable.swift */; };
		EE2B13C62634A19300CF55E4 /* HomeViewController.swift in Sources */ = {isa = PBXBuildFile; fileRef = EE2B13C52634A19300CF55E4 /* HomeViewController.swift */; };
		EE2B13CC2634A7C900CF55E4 /* HomeRouter.swift in Sources */ = {isa = PBXBuildFile; fileRef = EE2B13CB2634A7C900CF55E4 /* HomeRouter.swift */; };
/* End PBXBuildFile section */

/* Begin PBXFileReference section */
		EE2B137E263489D800CF55E4 /* MVVM_Template.app */ = {isa = PBXFileReference; explicitFileType = wrapper.application; includeInIndex = 0; path = MVVM_Template.app; sourceTree = BUILT_PRODUCTS_DIR; };
		EE2B1381263489D800CF55E4 /* AppDelegate.swift */ = {isa = PBXFileReference; lastKnownFileType = sourcecode.swift; path = AppDelegate.swift; sourceTree = "<group>"; };
		EE2B1383263489D800CF55E4 /* SceneDelegate.swift */ = {isa = PBXFileReference; lastKnownFileType = sourcecode.swift; path = SceneDelegate.swift; sourceTree = "<group>"; };
		EE2B1388263489D800CF55E4 /* Base */ = {isa = PBXFileReference; lastKnownFileType = file.storyboard; name = Base; path = Base.lproj/Main.storyboard; sourceTree = "<group>"; };
		EE2B138A263489D900CF55E4 /* Assets.xcassets */ = {isa = PBXFileReference; lastKnownFileType = folder.assetcatalog; path = Assets.xcassets; sourceTree = "<group>"; };
		EE2B138D263489D900CF55E4 /* Base */ = {isa = PBXFileReference; lastKnownFileType = file.storyboard; name = Base; path = Base.lproj/LaunchScreen.storyboard; sourceTree = "<group>"; };
		EE2B138F263489D900CF55E4 /* Info.plist */ = {isa = PBXFileReference; lastKnownFileType = text.plist.xml; path = Info.plist; sourceTree = "<group>"; };
		EE2B13B726348F4D00CF55E4 /* Observable.swift */ = {isa = PBXFileReference; lastKnownFileType = sourcecode.swift; path = Observable.swift; sourceTree = "<group>"; };
		EE2B13C52634A19300CF55E4 /* HomeViewController.swift */ = {isa = PBXFileReference; lastKnownFileType = sourcecode.swift; path = HomeViewController.swift; sourceTree = "<group>"; };
		EE2B13CB2634A7C900CF55E4 /* HomeRouter.swift */ = {isa = PBXFileReference; lastKnownFileType = sourcecode.swift; path = HomeRouter.swift; sourceTree = "<group>"; };
/* End PBXFileReference section */

/* Begin PBXFrameworksBuildPhase section */
		EE2B137B263489D800CF55E4 /* Frameworks */ = {
			isa = PBXFrameworksBuildPhase;
			buildActionMask = 2147483647;
			files = (
			);
			runOnlyForDeploymentPostprocessing = 0;
		};
/* End PBXFrameworksBuildPhase section */

/* Begin PBXGroup section */
		EE2B1375263489D800CF55E4 = {
			isa = PBXGroup;
			children = (
				EE2B1380263489D800CF55E4 /* MVVM_Template */,
				EE2B137F263489D800CF55E4 /* Products */,
			);
			sourceTree = "<group>";
		};
		EE2B137F263489D800CF55E4 /* Products */ = {
			isa = PBXGroup;
			children = (
				EE2B137E263489D800CF55E4 /* MVVM_Template.app */,
			);
			name = Products;
			sourceTree = "<group>";
		};
		EE2B1380263489D800CF55E4 /* MVVM_Template */ = {
			isa = PBXGroup;
			children = (
				EE2B13C92634A7AB00CF55E4 /* Routing */,
				EE2B13BA26348FA000CF55E4 /* Presentation Layer */,
				EE2B13B626348F3400CF55E4 /* Domain */,
				EE2B1381263489D800CF55E4 /* AppDelegate.swift */,
				EE2B1383263489D800CF55E4 /* SceneDelegate.swift */,
				EE2B1387263489D800CF55E4 /* Main.storyboard */,
				EE2B138A263489D900CF55E4 /* Assets.xcassets */,
				EE2B138C263489D900CF55E4 /* LaunchScreen.storyboard */,
				EE2B138F263489D900CF55E4 /* Info.plist */,
			);
			path = MVVM_Template;
			sourceTree = "<group>";
		};
		EE2B13B626348F3400CF55E4 /* Domain */ = {
			isa = PBXGroup;
			children = (
				EE2B13B726348F4D00CF55E4 /* Observable.swift */,
			);
			path = Domain;
			sourceTree = "<group>";
		};
		EE2B13BA26348FA000CF55E4 /* Presentation Layer */ = {
			isa = PBXGroup;
			children = (
				EE2B13BB26348FBB00CF55E4 /* Scenes */,
			);
			path = "Presentation Layer";
			sourceTree = "<group>";
		};
		EE2B13BB26348FBB00CF55E4 /* Scenes */ = {
			isa = PBXGroup;
			children = (
				EE2B13BC26348FCC00CF55E4 /* Home */,
			);
			path = Scenes;
			sourceTree = "<group>";
		};
		EE2B13BC26348FCC00CF55E4 /* Home */ = {
			isa = PBXGroup;
			children = (
				EE2B13C52634A19300CF55E4 /* HomeViewController.swift */,
			);
			path = Home;
			sourceTree = "<group>";
		};
		EE2B13C92634A7AB00CF55E4 /* Routing */ = {
			isa = PBXGroup;
			children = (
				EE2B13CA2634A7B800CF55E4 /* Home */,
			);
			path = Routing;
			sourceTree = "<group>";
		};
		EE2B13CA2634A7B800CF55E4 /* Home */ = {
			isa = PBXGroup;
			children = (
				EE2B13CB2634A7C900CF55E4 /* HomeRouter.swift */,
			);
			path = Home;
			sourceTree = "<group>";
		};
/* End PBXGroup section */

/* Begin PBXNativeTarget section */
		EE2B137D263489D800CF55E4 /* MVVM_Template */ = {
			isa = PBXNativeTarget;
			buildConfigurationList = EE2B1392263489D900CF55E4 /* Build configuration list for PBXNativeTarget "MVVM_Template" */;
			buildPhases = (
				EE2B137A263489D800CF55E4 /* Sources */,
				EE2B137B263489D800CF55E4 /* Frameworks */,
				EE2B137C263489D800CF55E4 /* Resources */,
			);
			buildRules = (
			);
			dependencies = (
			);
			name = MVVM_Template;
			productName = MVVM_Template;
			productReference = EE2B137E263489D800CF55E4 /* MVVM_Template.app */;
			productType = "com.apple.product-type.application";
		};
/* End PBXNativeTarget section */

/* Begin PBXProject section */
		EE2B1376263489D800CF55E4 /* Project object */ = {
			isa = PBXProject;
			attributes = {
				LastSwiftUpdateCheck = 1230;
				LastUpgradeCheck = 1230;
				TargetAttributes = {
					EE2B137D263489D800CF55E4 = {
						CreatedOnToolsVersion = 12.3;
					};
				};
			};
			buildConfigurationList = EE2B1379263489D800CF55E4 /* Build configuration list for PBXProject "MVVM_Template" */;
			compatibilityVersion = "Xcode 9.3";
			developmentRegion = en;
			hasScannedForEncodings = 0;
			knownRegions = (
				en,
				Base,
			);
			mainGroup = EE2B1375263489D800CF55E4;
			productRefGroup = EE2B137F263489D800CF55E4 /* Products */;
			projectDirPath = "";
			projectRoot = "";
			targets = (
				EE2B137D263489D800CF55E4 /* MVVM_Template */,
			);
		};
/* End PBXProject section */

/* Begin PBXResourcesBuildPhase section */
		EE2B137C263489D800CF55E4 /* Resources */ = {
			isa = PBXResourcesBuildPhase;
			buildActionMask = 2147483647;
			files = (
				EE2B138E263489D900CF55E4 /* LaunchScreen.storyboard in Resources */,
				EE2B138B263489D900CF55E4 /* Assets.xcassets in Resources */,
				EE2B1389263489D800CF55E4 /* Main.storyboard in Resources */,
			);
			runOnlyForDeploymentPostprocessing = 0;
		};
/* End PBXResourcesBuildPhase section */

/* Begin PBXSourcesBuildPhase section */
		EE2B137A263489D800CF55E4 /* Sources */ = {
			isa = PBXSourcesBuildPhase;
			buildActionMask = 2147483647;
			files = (
				EE2B13C62634A19300CF55E4 /* HomeViewController.swift in Sources */,
				EE2B13B826348F4D00CF55E4 /* Observable.swift in Sources */,
				EE2B1382263489D800CF55E4 /* AppDelegate.swift in Sources */,
				EE2B1384263489D800CF55E4 /* SceneDelegate.swift in Sources */,
				EE2B13CC2634A7C900CF55E4 /* HomeRouter.swift in Sources */,
			);
			runOnlyForDeploymentPostprocessing = 0;
		};
/* End PBXSourcesBuildPhase section */

/* Begin PBXVariantGroup section */
		EE2B1387263489D800CF55E4 /* Main.storyboard */ = {
			isa = PBXVariantGroup;
			children = (
				EE2B1388263489D800CF55E4 /* Base */,
			);
			name = Main.storyboard;
			sourceTree = "<group>";
		};
		EE2B138C263489D900CF55E4 /* LaunchScreen.storyboard */ = {
			isa = PBXVariantGroup;
			children = (
				EE2B138D263489D900CF55E4 /* Base */,
			);
			name = LaunchScreen.storyboard;
			sourceTree = "<group>";
		};
/* End PBXVariantGroup section */

/* Begin XCBuildConfiguration section */
		EE2B1390263489D900CF55E4 /* Debug */ = {
			isa = XCBuildConfiguration;
			buildSettings = {
				ALWAYS_SEARCH_USER_PATHS = NO;
				CLANG_ANALYZER_NONNULL = YES;
				CLANG_ANALYZER_NUMBER_OBJECT_CONVERSION = YES_AGGRESSIVE;
				CLANG_CXX_LANGUAGE_STANDARD = "gnu++14";
				CLANG_CXX_LIBRARY = "libc++";
				CLANG_ENABLE_MODULES = YES;
				CLANG_ENABLE_OBJC_ARC = YES;
				CLANG_ENABLE_OBJC_WEAK = YES;
				CLANG_WARN_BLOCK_CAPTURE_AUTORELEASING = YES;
				CLANG_WARN_BOOL_CONVERSION = YES;
				CLANG_WARN_COMMA = YES;
				CLANG_WARN_CONSTANT_CONVERSION = YES;
				CLANG_WARN_DEPRECATED_OBJC_IMPLEMENTATIONS = YES;
				CLANG_WARN_DIRECT_OBJC_ISA_USAGE = YES_ERROR;
				CLANG_WARN_DOCUMENTATION_COMMENTS = YES;
				CLANG_WARN_EMPTY_BODY = YES;
				CLANG_WARN_ENUM_CONVERSION = YES;
				CLANG_WARN_INFINITE_RECURSION = YES;
				CLANG_WARN_INT_CONVERSION = YES;
				CLANG_WARN_NON_LITERAL_NULL_CONVERSION = YES;
				CLANG_WARN_OBJC_IMPLICIT_RETAIN_SELF = YES;
				CLANG_WARN_OBJC_LITERAL_CONVERSION = YES;
				CLANG_WARN_OBJC_ROOT_CLASS = YES_ERROR;
				CLANG_WARN_QUOTED_INCLUDE_IN_FRAMEWORK_HEADER = YES;
				CLANG_WARN_RANGE_LOOP_ANALYSIS = YES;
				CLANG_WARN_STRICT_PROTOTYPES = YES;
				CLANG_WARN_SUSPICIOUS_MOVE = YES;
				CLANG_WARN_UNGUARDED_AVAILABILITY = YES_AGGRESSIVE;
				CLANG_WARN_UNREACHABLE_CODE = YES;
				CLANG_WARN__DUPLICATE_METHOD_MATCH = YES;
				COPY_PHASE_STRIP = NO;
				DEBUG_INFORMATION_FORMAT = dwarf;
				ENABLE_STRICT_OBJC_MSGSEND = YES;
				ENABLE_TESTABILITY = YES;
				GCC_C_LANGUAGE_STANDARD = gnu11;
				GCC_DYNAMIC_NO_PIC = NO;
				GCC_NO_COMMON_BLOCKS = YES;
				GCC_OPTIMIZATION_LEVEL = 0;
				GCC_PREPROCESSOR_DEFINITIONS = (
					"DEBUG=1",
					"$(inherited)",
				);
				GCC_WARN_64_TO_32_BIT_CONVERSION = YES;
				GCC_WARN_ABOUT_RETURN_TYPE = YES_ERROR;
				GCC_WARN_UNDECLARED_SELECTOR = YES;
				GCC_WARN_UNINITIALIZED_AUTOS = YES_AGGRESSIVE;
				GCC_WARN_UNUSED_FUNCTION = YES;
				GCC_WARN_UNUSED_VARIABLE = YES;
				IPHONEOS_DEPLOYMENT_TARGET = 14.3;
				MTL_ENABLE_DEBUG_INFO = INCLUDE_SOURCE;
				MTL_FAST_MATH = YES;
				ONLY_ACTIVE_ARCH = YES;
				SDKROOT = iphoneos;
				SWIFT_ACTIVE_COMPILATION_CONDITIONS = DEBUG;
				SWIFT_OPTIMIZATION_LEVEL = "-Onone";
			};
			name = Debug;
		};
		EE2B1391263489D900CF55E4 /* Release */ = {
			isa = XCBuildConfiguration;
			buildSettings = {
				ALWAYS_SEARCH_USER_PATHS = NO;
				CLANG_ANALYZER_NONNULL = YES;
				CLANG_ANALYZER_NUMBER_OBJECT_CONVERSION = YES_AGGRESSIVE;
				CLANG_CXX_LANGUAGE_STANDARD = "gnu++14";
				CLANG_CXX_LIBRARY = "libc++";
				CLANG_ENABLE_MODULES = YES;
				CLANG_ENABLE_OBJC_ARC = YES;
				CLANG_ENABLE_OBJC_WEAK = YES;
				CLANG_WARN_BLOCK_CAPTURE_AUTORELEASING = YES;
				CLANG_WARN_BOOL_CONVERSION = YES;
				CLANG_WARN_COMMA = YES;
				CLANG_WARN_CONSTANT_CONVERSION = YES;
				CLANG_WARN_DEPRECATED_OBJC_IMPLEMENTATIONS = YES;
				CLANG_WARN_DIRECT_OBJC_ISA_USAGE = YES_ERROR;
				CLANG_WARN_DOCUMENTATION_COMMENTS = YES;
				CLANG_WARN_EMPTY_BODY = YES;
				CLANG_WARN_ENUM_CONVERSION = YES;
				CLANG_WARN_INFINITE_RECURSION = YES;
				CLANG_WARN_INT_CONVERSION = YES;
				CLANG_WARN_NON_LITERAL_NULL_CONVERSION = YES;
				CLANG_WARN_OBJC_IMPLICIT_RETAIN_SELF = YES;
				CLANG_WARN_OBJC_LITERAL_CONVERSION = YES;
				CLANG_WARN_OBJC_ROOT_CLASS = YES_ERROR;
				CLANG_WARN_QUOTED_INCLUDE_IN_FRAMEWORK_HEADER = YES;
				CLANG_WARN_RANGE_LOOP_ANALYSIS = YES;
				CLANG_WARN_STRICT_PROTOTYPES = YES;
				CLANG_WARN_SUSPICIOUS_MOVE = YES;
				CLANG_WARN_UNGUARDED_AVAILABILITY = YES_AGGRESSIVE;
				CLANG_WARN_UNREACHABLE_CODE = YES;
				CLANG_WARN__DUPLICATE_METHOD_MATCH = YES;
				COPY_PHASE_STRIP = NO;
				DEBUG_INFORMATION_FORMAT = "dwarf-with-dsym";
				ENABLE_NS_ASSERTIONS = NO;
				ENABLE_STRICT_OBJC_MSGSEND = YES;
				GCC_C_LANGUAGE_STANDARD = gnu11;
				GCC_NO_COMMON_BLOCKS = YES;
				GCC_WARN_64_TO_32_BIT_CONVERSION = YES;
				GCC_WARN_ABOUT_RETURN_TYPE = YES_ERROR;
				GCC_WARN_UNDECLARED_SELECTOR = YES;
				GCC_WARN_UNINITIALIZED_AUTOS = YES_AGGRESSIVE;
				GCC_WARN_UNUSED_FUNCTION = YES;
				GCC_WARN_UNUSED_VARIABLE = YES;
				IPHONEOS_DEPLOYMENT_TARGET = 14.3;
				MTL_ENABLE_DEBUG_INFO = NO;
				MTL_FAST_MATH = YES;
				SDKROOT = iphoneos;
				SWIFT_COMPILATION_MODE = wholemodule;
				SWIFT_OPTIMIZATION_LEVEL = "-O";
				VALIDATE_PRODUCT = YES;
			};
			name = Release;
		};
		EE2B1393263489D900CF55E4 /* Debug */ = {
			isa = XCBuildConfiguration;
			buildSettings = {
				ASSETCATALOG_COMPILER_APPICON_NAME = AppIcon;
				ASSETCATALOG_COMPILER_GLOBAL_ACCENT_COLOR_NAME = AccentColor;
				CODE_SIGN_STYLE = Automatic;
				DEVELOPMENT_TEAM = V737R9TSYP;
				INFOPLIST_FILE = MVVM_Template/Info.plist;
				LD_RUNPATH_SEARCH_PATHS = (
					"$(inherited)",
					"@executable_path/Frameworks",
				);
				PRODUCT_BUNDLE_IDENTIFIER = "com.shobhit.assignment.MVVM-Template";
				PRODUCT_NAME = "$(TARGET_NAME)";
				SWIFT_VERSION = 5.0;
				TARGETED_DEVICE_FAMILY = "1,2";
			};
			name = Debug;
		};
		EE2B1394263489D900CF55E4 /* Release */ = {
			isa = XCBuildConfiguration;
			buildSettings = {
				ASSETCATALOG_COMPILER_APPICON_NAME = AppIcon;
				ASSETCATALOG_COMPILER_GLOBAL_ACCENT_COLOR_NAME = AccentColor;
				CODE_SIGN_STYLE = Automatic;
				DEVELOPMENT_TEAM = V737R9TSYP;
				INFOPLIST_FILE = MVVM_Template/Info.plist;
				LD_RUNPATH_SEARCH_PATHS = (
					"$(inherited)",
					"@executable_path/Frameworks",
				);
				PRODUCT_BUNDLE_IDENTIFIER = "com.shobhit.assignment.MVVM-Template";
				PRODUCT_NAME = "$(TARGET_NAME)";
				SWIFT_VERSION = 5.0;
				TARGETED_DEVICE_FAMILY = "1,2";
			};
			name = Release;
		};
/* End XCBuildConfiguration section */

/* Begin XCConfigurationList section */
		EE2B1379263489D800CF55E4 /* Build configuration list for PBXProject "MVVM_Template" */ = {
			isa = XCConfigurationList;
			buildConfigurations = (
				EE2B1390263489D900CF55E4 /* Debug */,
				EE2B1391263489D900CF55E4 /* Release */,
			);
			defaultConfigurationIsVisible = 0;
			defaultConfigurationName = Release;
		};
		EE2B1392263489D900CF55E4 /* Build configuration list for PBXNativeTarget "MVVM_Template" */ = {
			isa = XCConfigurationList;
			buildConfigurations = (
				EE2B1393263489D900CF55E4 /* Debug */,
				EE2B1394263489D900CF55E4 /* Release */,
			);
			defaultConfigurationIsVisible = 0;
			defaultConfigurationName = Release;
		};
/* End XCConfigurationList section */
	};
	rootObject = EE2B1376263489D800CF55E4 /* Project object */;
}
